// !$*UTF8*$!
{
	archiveVersion = 1;
	classes = {
	};
	objectVersion = 50;
	objects = {

/* Begin PBXBuildFile section */
		9B4F0F47227EB3B7007037E4 /* QuatToEulerController.swift in Sources */ = {isa = PBXBuildFile; fileRef = 9B4F0F46227EB3B7007037E4 /* QuatToEulerController.swift */; };
		9B4F0F49227EB929007037E4 /* MainViewController.swift in Sources */ = {isa = PBXBuildFile; fileRef = 9B4F0F48227EB929007037E4 /* MainViewController.swift */; };
		9B7A6838227E8B7900AF739D /* AppDelegate.swift in Sources */ = {isa = PBXBuildFile; fileRef = 9B7A6837227E8B7900AF739D /* AppDelegate.swift */; };
		9B7A683C227E8B7A00AF739D /* Assets.xcassets in Resources */ = {isa = PBXBuildFile; fileRef = 9B7A683B227E8B7A00AF739D /* Assets.xcassets */; };
		9B7A683F227E8B7A00AF739D /* Main.storyboard in Resources */ = {isa = PBXBuildFile; fileRef = 9B7A683D227E8B7A00AF739D /* Main.storyboard */; };
		9B9ACBC8227EAD7300E2C302 /* EulerToQuatController.swift in Sources */ = {isa = PBXBuildFile; fileRef = 9B9ACBC7227EAD7300E2C302 /* EulerToQuatController.swift */; };
/* End PBXBuildFile section */

/* Begin PBXFileReference section */
		9B4F0F46227EB3B7007037E4 /* QuatToEulerController.swift */ = {isa = PBXFileReference; lastKnownFileType = sourcecode.swift; path = QuatToEulerController.swift; sourceTree = "<group>"; };
		9B4F0F48227EB929007037E4 /* MainViewController.swift */ = {isa = PBXFileReference; lastKnownFileType = sourcecode.swift; path = MainViewController.swift; sourceTree = "<group>"; };
		9B7A6834227E8B7900AF739D /* calculatorQuatEuler.app */ = {isa = PBXFileReference; explicitFileType = wrapper.application; includeInIndex = 0; path = calculatorQuatEuler.app; sourceTree = BUILT_PRODUCTS_DIR; };
		9B7A6837227E8B7900AF739D /* AppDelegate.swift */ = {isa = PBXFileReference; lastKnownFileType = sourcecode.swift; path = AppDelegate.swift; sourceTree = "<group>"; };
		9B7A683B227E8B7A00AF739D /* Assets.xcassets */ = {isa = PBXFileReference; lastKnownFileType = folder.assetcatalog; path = Assets.xcassets; sourceTree = "<group>"; };
		9B7A683E227E8B7A00AF739D /* Base */ = {isa = PBXFileReference; lastKnownFileType = file.storyboard; name = Base; path = Base.lproj/Main.storyboard; sourceTree = "<group>"; };
		9B7A6840227E8B7A00AF739D /* Info.plist */ = {isa = PBXFileReference; lastKnownFileType = text.plist.xml; path = Info.plist; sourceTree = "<group>"; };
		9B7A6841227E8B7A00AF739D /* calculatorQuatEuler.entitlements */ = {isa = PBXFileReference; lastKnownFileType = text.plist.entitlements; path = calculatorQuatEuler.entitlements; sourceTree = "<group>"; };
		9B9ACBC7227EAD7300E2C302 /* EulerToQuatController.swift */ = {isa = PBXFileReference; lastKnownFileType = sourcecode.swift; path = EulerToQuatController.swift; sourceTree = "<group>"; };
/* End PBXFileReference section */

/* Begin PBXFrameworksBuildPhase section */
		9B7A6831227E8B7900AF739D /* Frameworks */ = {
			isa = PBXFrameworksBuildPhase;
			buildActionMask = 2147483647;
			files = (
			);
			runOnlyForDeploymentPostprocessing = 0;
		};
/* End PBXFrameworksBuildPhase section */

/* Begin PBXGroup section */
		9B7A682B227E8B7900AF739D = {
			isa = PBXGroup;
			children = (
				9B7A6836227E8B7900AF739D /* calculatorQuatEuler */,
				9B7A6835227E8B7900AF739D /* Products */,
			);
			sourceTree = "<group>";
		};
		9B7A6835227E8B7900AF739D /* Products */ = {
			isa = PBXGroup;
			children = (
				9B7A6834227E8B7900AF739D /* calculatorQuatEuler.app */,
			);
			name = Products;
			sourceTree = "<group>";
		};
		9B7A6836227E8B7900AF739D /* calculatorQuatEuler */ = {
			isa = PBXGroup;
			children = (
				9B4F0F48227EB929007037E4 /* MainViewController.swift */,
				9B9ACBC7227EAD7300E2C302 /* EulerToQuatController.swift */,
				9B7A6837227E8B7900AF739D /* AppDelegate.swift */,
				9B7A683B227E8B7A00AF739D /* Assets.xcassets */,
				9B7A683D227E8B7A00AF739D /* Main.storyboard */,
				9B4F0F46227EB3B7007037E4 /* QuatToEulerController.swift */,
				9B7A6840227E8B7A00AF739D /* Info.plist */,
				9B7A6841227E8B7A00AF739D /* calculatorQuatEuler.entitlements */,
			);
			path = calculatorQuatEuler;
			sourceTree = "<group>";
		};
/* End PBXGroup section */

/* Begin PBXNativeTarget section */
		9B7A6833227E8B7900AF739D /* calculatorQuatEuler */ = {
			isa = PBXNativeTarget;
			buildConfigurationList = 9B7A6844227E8B7A00AF739D /* Build configuration list for PBXNativeTarget "calculatorQuatEuler" */;
			buildPhases = (
				9B7A6830227E8B7900AF739D /* Sources */,
				9B7A6831227E8B7900AF739D /* Frameworks */,
				9B7A6832227E8B7900AF739D /* Resources */,
			);
			buildRules = (
			);
			dependencies = (
			);
			name = calculatorQuatEuler;
			productName = calculatorQuatEuler;
			productReference = 9B7A6834227E8B7900AF739D /* calculatorQuatEuler.app */;
			productType = "com.apple.product-type.application";
		};
/* End PBXNativeTarget section */

/* Begin PBXProject section */
		9B7A682C227E8B7900AF739D /* Project object */ = {
			isa = PBXProject;
			attributes = {
				LastSwiftUpdateCheck = 1020;
				LastUpgradeCheck = 1020;
				ORGANIZATIONNAME = Aliben;
				TargetAttributes = {
					9B7A6833227E8B7900AF739D = {
						CreatedOnToolsVersion = 10.2.1;
					};
				};
			};
			buildConfigurationList = 9B7A682F227E8B7900AF739D /* Build configuration list for PBXProject "calculatorQuatEuler" */;
			compatibilityVersion = "Xcode 9.3";
			developmentRegion = en;
			hasScannedForEncodings = 0;
			knownRegions = (
				en,
				Base,
			);
			mainGroup = 9B7A682B227E8B7900AF739D;
			productRefGroup = 9B7A6835227E8B7900AF739D /* Products */;
			projectDirPath = "";
			projectRoot = "";
			targets = (
				9B7A6833227E8B7900AF739D /* calculatorQuatEuler */,
			);
		};
/* End PBXProject section */

/* Begin PBXResourcesBuildPhase section */
		9B7A6832227E8B7900AF739D /* Resources */ = {
			isa = PBXResourcesBuildPhase;
			buildActionMask = 2147483647;
			files = (
				9B7A683C227E8B7A00AF739D /* Assets.xcassets in Resources */,
				9B7A683F227E8B7A00AF739D /* Main.storyboard in Resources */,
			);
			runOnlyForDeploymentPostprocessing = 0;
		};
/* End PBXResourcesBuildPhase section */

/* Begin PBXSourcesBuildPhase section */
		9B7A6830227E8B7900AF739D /* Sources */ = {
			isa = PBXSourcesBuildPhase;
			buildActionMask = 2147483647;
			files = (
				9B4F0F47227EB3B7007037E4 /* QuatToEulerController.swift in Sources */,
				9B7A6838227E8B7900AF739D /* AppDelegate.swift in Sources */,
				9B9ACBC8227EAD7300E2C302 /* EulerToQuatController.swift in Sources */,
				9B4F0F49227EB929007037E4 /* MainViewController.swift in Sources */,
			);
			runOnlyForDeploymentPostprocessing = 0;
		};
/* End PBXSourcesBuildPhase section */

/* Begin PBXVariantGroup section */
		9B7A683D227E8B7A00AF739D /* Main.storyboard */ = {
			isa = PBXVariantGroup;
			children = (
				9B7A683E227E8B7A00AF739D /* Base */,
			);
			name = Main.storyboard;
			sourceTree = "<group>";
		};
/* End PBXVariantGroup section */

/* Begin XCBuildConfiguration section */
		9B7A6842227E8B7A00AF739D /* Debug */ = {
			isa = XCBuildConfiguration;
			buildSettings = {
				ALWAYS_SEARCH_USER_PATHS = NO;
				CLANG_ANALYZER_NONNULL = YES;
				CLANG_ANALYZER_NUMBER_OBJECT_CONVERSION = YES_AGGRESSIVE;
				CLANG_CXX_LANGUAGE_STANDARD = "gnu++14";
				CLANG_CXX_LIBRARY = "libc++";
				CLANG_ENABLE_MODULES = YES;
				CLANG_ENABLE_OBJC_ARC = YES;
				CLANG_ENABLE_OBJC_WEAK = YES;
				CLANG_WARN_BLOCK_CAPTURE_AUTORELEASING = YES;
				CLANG_WARN_BOOL_CONVERSION = YES;
				CLANG_WARN_COMMA = YES;
				CLANG_WARN_CONSTANT_CONVERSION = YES;
				CLANG_WARN_DEPRECATED_OBJC_IMPLEMENTATIONS = YES;
				CLANG_WARN_DIRECT_OBJC_ISA_USAGE = YES_ERROR;
				CLANG_WARN_DOCUMENTATION_COMMENTS = YES;
				CLANG_WARN_EMPTY_BODY = YES;
				CLANG_WARN_ENUM_CONVERSION = YES;
				CLANG_WARN_INFINITE_RECURSION = YES;
				CLANG_WARN_INT_CONVERSION = YES;
				CLANG_WARN_NON_LITERAL_NULL_CONVERSION = YES;
				CLANG_WARN_OBJC_IMPLICIT_RETAIN_SELF = YES;
				CLANG_WARN_OBJC_LITERAL_CONVERSION = YES;
				CLANG_WARN_OBJC_ROOT_CLASS = YES_ERROR;
				CLANG_WARN_RANGE_LOOP_ANALYSIS = YES;
				CLANG_WARN_STRICT_PROTOTYPES = YES;
				CLANG_WARN_SUSPICIOUS_MOVE = YES;
				CLANG_WARN_UNGUARDED_AVAILABILITY = YES_AGGRESSIVE;
				CLANG_WARN_UNREACHABLE_CODE = YES;
				CLANG_WARN__DUPLICATE_METHOD_MATCH = YES;
				CODE_SIGN_IDENTITY = "Mac Developer";
				COPY_PHASE_STRIP = NO;
				DEBUG_INFORMATION_FORMAT = dwarf;
				ENABLE_STRICT_OBJC_MSGSEND = YES;
				ENABLE_TESTABILITY = YES;
				GCC_C_LANGUAGE_STANDARD = gnu11;
				GCC_DYNAMIC_NO_PIC = NO;
				GCC_NO_COMMON_BLOCKS = YES;
				GCC_OPTIMIZATION_LEVEL = 0;
				GCC_PREPROCESSOR_DEFINITIONS = (
					"DEBUG=1",
					"$(inherited)",
				);
				GCC_WARN_64_TO_32_BIT_CONVERSION = YES;
				GCC_WARN_ABOUT_RETURN_TYPE = YES_ERROR;
				GCC_WARN_UNDECLARED_SELECTOR = YES;
				GCC_WARN_UNINITIALIZED_AUTOS = YES_AGGRESSIVE;
				GCC_WARN_UNUSED_FUNCTION = YES;
				GCC_WARN_UNUSED_VARIABLE = YES;
				MACOSX_DEPLOYMENT_TARGET = 10.14;
				MTL_ENABLE_DEBUG_INFO = INCLUDE_SOURCE;
				MTL_FAST_MATH = YES;
				ONLY_ACTIVE_ARCH = YES;
				SDKROOT = macosx;
				SWIFT_ACTIVE_COMPILATION_CONDITIONS = DEBUG;
				SWIFT_OPTIMIZATION_LEVEL = "-Onone";
			};
			name = Debug;
		};
		9B7A6843227E8B7A00AF739D /* Release */ = {
			isa = XCBuildConfiguration;
			buildSettings = {
				ALWAYS_SEARCH_USER_PATHS = NO;
				CLANG_ANALYZER_NONNULL = YES;
				CLANG_ANALYZER_NUMBER_OBJECT_CONVERSION = YES_AGGRESSIVE;
				CLANG_CXX_LANGUAGE_STANDARD = "gnu++14";
				CLANG_CXX_LIBRARY = "libc++";
				CLANG_ENABLE_MODULES = YES;
				CLANG_ENABLE_OBJC_ARC = YES;
				CLANG_ENABLE_OBJC_WEAK = YES;
				CLANG_WARN_BLOCK_CAPTURE_AUTORELEASING = YES;
				CLANG_WARN_BOOL_CONVERSION = YES;
				CLANG_WARN_COMMA = YES;
				CLANG_WARN_CONSTANT_CONVERSION = YES;
				CLANG_WARN_DEPRECATED_OBJC_IMPLEMENTATIONS = YES;
				CLANG_WARN_DIRECT_OBJC_ISA_USAGE = YES_ERROR;
				CLANG_WARN_DOCUMENTATION_COMMENTS = YES;
				CLANG_WARN_EMPTY_BODY = YES;
				CLANG_WARN_ENUM_CONVERSION = YES;
				CLANG_WARN_INFINITE_RECURSION = YES;
				CLANG_WARN_INT_CONVERSION = YES;
				CLANG_WARN_NON_LITERAL_NULL_CONVERSION = YES;
				CLANG_WARN_OBJC_IMPLICIT_RETAIN_SELF = YES;
				CLANG_WARN_OBJC_LITERAL_CONVERSION = YES;
				CLANG_WARN_OBJC_ROOT_CLASS = YES_ERROR;
				CLANG_WARN_RANGE_LOOP_ANALYSIS = YES;
				CLANG_WARN_STRICT_PROTOTYPES = YES;
				CLANG_WARN_SUSPICIOUS_MOVE = YES;
				CLANG_WARN_UNGUARDED_AVAILABILITY = YES_AGGRESSIVE;
				CLANG_WARN_UNREACHABLE_CODE = YES;
				CLANG_WARN__DUPLICATE_METHOD_MATCH = YES;
				CODE_SIGN_IDENTITY = "Mac Developer";
				COPY_PHASE_STRIP = NO;
				DEBUG_INFORMATION_FORMAT = "dwarf-with-dsym";
				ENABLE_NS_ASSERTIONS = NO;
				ENABLE_STRICT_OBJC_MSGSEND = YES;
				GCC_C_LANGUAGE_STANDARD = gnu11;
				GCC_NO_COMMON_BLOCKS = YES;
				GCC_WARN_64_TO_32_BIT_CONVERSION = YES;
				GCC_WARN_ABOUT_RETURN_TYPE = YES_ERROR;
				GCC_WARN_UNDECLARED_SELECTOR = YES;
				GCC_WARN_UNINITIALIZED_AUTOS = YES_AGGRESSIVE;
				GCC_WARN_UNUSED_FUNCTION = YES;
				GCC_WARN_UNUSED_VARIABLE = YES;
				MACOSX_DEPLOYMENT_TARGET = 10.14;
				MTL_ENABLE_DEBUG_INFO = NO;
				MTL_FAST_MATH = YES;
				SDKROOT = macosx;
				SWIFT_COMPILATION_MODE = wholemodule;
				SWIFT_OPTIMIZATION_LEVEL = "-O";
			};
			name = Release;
		};
		9B7A6845227E8B7A00AF739D /* Debug */ = {
			isa = XCBuildConfiguration;
			buildSettings = {
				ASSETCATALOG_COMPILER_APPICON_NAME = AppIcon;
				CODE_SIGN_ENTITLEMENTS = calculatorQuatEuler/calculatorQuatEuler.entitlements;
				CODE_SIGN_STYLE = Automatic;
				COMBINE_HIDPI_IMAGES = YES;
				DEVELOPMENT_TEAM = A3C6DCWT49;
				INFOPLIST_FILE = calculatorQuatEuler/Info.plist;
				LD_RUNPATH_SEARCH_PATHS = (
					"$(inherited)",
					"@executable_path/../Frameworks",
				);
				PRODUCT_BUNDLE_IDENTIFIER = com.aliben.calculatorQuatEuler;
				PRODUCT_NAME = "$(TARGET_NAME)";
				SWIFT_VERSION = 5.0;
			};
			name = Debug;
		};
		9B7A6846227E8B7A00AF739D /* Release */ = {
			isa = XCBuildConfiguration;
			buildSettings = {
				ASSETCATALOG_COMPILER_APPICON_NAME = AppIcon;
				CODE_SIGN_ENTITLEMENTS = calculatorQuatEuler/calculatorQuatEuler.entitlements;
				CODE_SIGN_STYLE = Automatic;
				COMBINE_HIDPI_IMAGES = YES;
				DEVELOPMENT_TEAM = A3C6DCWT49;
				INFOPLIST_FILE = calculatorQuatEuler/Info.plist;
				LD_RUNPATH_SEARCH_PATHS = (
					"$(inherited)",
					"@executable_path/../Frameworks",
				);
				PRODUCT_BUNDLE_IDENTIFIER = com.aliben.calculatorQuatEuler;
				PRODUCT_NAME = "$(TARGET_NAME)";
				SWIFT_VERSION = 5.0;
			};
			name = Release;
		};
/* End XCBuildConfiguration section */

/* Begin XCConfigurationList section */
		9B7A682F227E8B7900AF739D /* Build configuration list for PBXProject "calculatorQuatEuler" */ = {
			isa = XCConfigurationList;
			buildConfigurations = (
				9B7A6842227E8B7A00AF739D /* Debug */,
				9B7A6843227E8B7A00AF739D /* Release */,
			);
			defaultConfigurationIsVisible = 0;
			defaultConfigurationName = Release;
		};
		9B7A6844227E8B7A00AF739D /* Build configuration list for PBXNativeTarget "calculatorQuatEuler" */ = {
			isa = XCConfigurationList;
			buildConfigurations = (
				9B7A6845227E8B7A00AF739D /* Debug */,
				9B7A6846227E8B7A00AF739D /* Release */,
			);
			defaultConfigurationIsVisible = 0;
			defaultConfigurationName = Release;
		};
/* End XCConfigurationList section */
	};
	rootObject = 9B7A682C227E8B7900AF739D /* Project object */;
}
